
Microsoft Visual Studio Solution File, Format Version 12.00
# Visual Studio Version 17
VisualStudioVersion = 17.3.32922.545
MinimumVisualStudioVersion = 10.0.40219.1
Project("{FAE04EC0-301F-11D3-BF4B-00C04F79EFBC}") = "Bytebank", "Bytebank\Bytebank.csproj", "{377F3DD8-FE6F-42F4-8C4B-EC6FCF3D9A6E}"
EndProject
Global
	GlobalSection(SolutionConfigurationPlatforms) = preSolution
		Debug|Any CPU = Debug|Any CPU
		Release|Any CPU = Release|Any CPU
	EndGlobalSection
	GlobalSection(ProjectConfigurationPlatforms) = postSolution
		{377F3DD8-FE6F-42F4-8C4B-EC6FCF3D9A6E}.Debug|Any CPU.ActiveCfg = Debug|Any CPU
		{377F3DD8-FE6F-42F4-8C4B-EC6FCF3D9A6E}.Debug|Any CPU.Build.0 = Debug|Any CPU
		{377F3DD8-FE6F-42F4-8C4B-EC6FCF3D9A6E}.Release|Any CPU.ActiveCfg = Release|Any CPU
		{377F3DD8-FE6F-42F4-8C4B-EC6FCF3D9A6E}.Release|Any CPU.Build.0 = Release|Any CPU
	EndGlobalSection
	GlobalSection(SolutionProperties) = preSolution
		HideSolutionNode = FALSE
	EndGlobalSection
	GlobalSection(ExtensibilityGlobals) = postSolution
		SolutionGuid = {5AFCCC57-9A67-44EA-B271-48BCC879A6FB}
	EndGlobalSection
EndGlobal
